
Microsoft Visual Studio Solution File, Format Version 12.00
# Visual Studio 15
VisualStudioVersion = 15.0.27703.2035
MinimumVisualStudioVersion = 10.0.40219.1
Project("{FAE04EC0-301F-11D3-BF4B-00C04F79EFBC}") = "AcmeInsuranceCompany", "AcmeInsuranceCompany\AcmeInsuranceCompany.csproj", "{41C89A95-97A4-46DA-BFD4-D58768587681}"
EndProject
Global
	GlobalSection(SolutionConfigurationPlatforms) = preSolution
		Debug|Any CPU = Debug|Any CPU
		Release|Any CPU = Release|Any CPU
	EndGlobalSection
	GlobalSection(ProjectConfigurationPlatforms) = postSolution
		{41C89A95-97A4-46DA-BFD4-D58768587681}.Debug|Any CPU.ActiveCfg = Debug|Any CPU
		{41C89A95-97A4-46DA-BFD4-D58768587681}.Debug|Any CPU.Build.0 = Debug|Any CPU
		{41C89A95-97A4-46DA-BFD4-D58768587681}.Release|Any CPU.ActiveCfg = Release|Any CPU
		{41C89A95-97A4-46DA-BFD4-D58768587681}.Release|Any CPU.Build.0 = Release|Any CPU
	EndGlobalSection
	GlobalSection(SolutionProperties) = preSolution
		HideSolutionNode = FALSE
	EndGlobalSection
	GlobalSection(ExtensibilityGlobals) = postSolution
		SolutionGuid = {E5D3FAC4-A719-4336-B3EC-D6B939A9F4C6}
	EndGlobalSection
EndGlobal
